{
  "name": "dseTxtFileConverter",
  "version": "1.0.2",
  "lockfileVersion": 1,
  "dependencies": {
    "cli-table": {
      "version": "https://registry.npmjs.org/cli-table/-/cli-table-0.3.1.tgz",
      "integrity": "sha1-9TsFJmqLGguTSz0IIebi3FkUriM="
    },
    "colors": {
      "version": "https://registry.npmjs.org/colors/-/colors-1.0.3.tgz",
      "integrity": "sha1-BDP0TYCWgP3rYO0mDxsMJi6CpAs="
    },
    "commander": {
      "version": "https://registry.npmjs.org/commander/-/commander-2.9.0.tgz",
      "integrity": "sha1-nJkJQXbhIkDLItbFFGCYQA/g99Q="
    },
    "debug": {
      "version": "https://registry.npmjs.org/debug/-/debug-2.2.0.tgz",
      "integrity": "sha1-+HBX6ZWxofauaklgZkE3vFbwOdo="
    },
    "flat": {
      "version": "https://registry.npmjs.org/flat/-/flat-1.6.1.tgz",
      "integrity": "sha1-R2udu3DV6TQNu8A4veCEoglFkhw="
    },
    "graceful-readlink": {
      "version": "https://registry.npmjs.org/graceful-readlink/-/graceful-readlink-1.0.1.tgz",
      "integrity": "sha1-TK+tdrxi8C+gObL5Tpo906ORpyU="
    },
    "is-buffer": {
      "version": "https://registry.npmjs.org/is-buffer/-/is-buffer-1.1.2.tgz",
      "integrity": "sha1-+hImWI+gBIsAXEfk+xuxVV1e3qo="
    },
    "json2csv": {
      "version": "https://registry.npmjs.org/json2csv/-/json2csv-3.2.0.tgz",
      "integrity": "sha1-dPivtSxdajkbWKW0kcx2EJhEBTU="
    },
    "lodash": {
      "version": "https://registry.npmjs.org/lodash/-/lodash-4.3.0.tgz",
      "integrity": "sha1-79nEpuxT87BUEkKZFcPkgk5NJaQ="
    },
    "lodash._baseget": {
      "version": "https://registry.npmjs.org/lodash._baseget/-/lodash._baseget-3.7.2.tgz",
      "integrity": "sha1-G2rh1frPPCVTI1ChPBGXy4u2dPQ="
    },
    "lodash._topath": {
      "version": "https://registry.npmjs.org/lodash._topath/-/lodash._topath-3.8.1.tgz",
      "integrity": "sha1-PsXiYGAU9MuX91X+aRTt2L/ADqw="
    },
    "lodash.get": {
      "version": "https://registry.npmjs.org/lodash.get/-/lodash.get-3.7.0.tgz",
      "integrity": "sha1-POaK4skWg7KBzFOUEoMDy/deaR8="
    },
    "lodash.isarray": {
      "version": "https://registry.npmjs.org/lodash.isarray/-/lodash.isarray-3.0.4.tgz",
      "integrity": "sha1-eeTriMNqgSKvhvhEqpvNhRtfu1U="
    },
    "minimist": {
      "version": "1.2.0",
      "resolved": "https://registry.npmjs.org/minimist/-/minimist-1.2.0.tgz",
      "integrity": "sha1-o1AIsg9BOD7sH7kU9M1d95omQoQ="
    },
    "ms": {
      "version": "https://registry.npmjs.org/ms/-/ms-0.7.1.tgz",
      "integrity": "sha1-nNE8A62/8ltl7/3nzoZO6VIBcJg="
    },
    "path-is-absolute": {
      "version": "https://registry.npmjs.org/path-is-absolute/-/path-is-absolute-1.0.0.tgz",
      "integrity": "sha1-Jj2tpmqz8vsQv3+dJN2PPlcO+RI="
    }
  }
}
